
Microsoft Visual Studio Solution File, Format Version 12.00
# Visual Studio Version 16
VisualStudioVersion = 16.0.28407.52
MinimumVisualStudioVersion = 10.0.40219.1
Project("{FAE04EC0-301F-11D3-BF4B-00C04F79EFBC}") = "System.Useful.Sqlizer", "System.Useful.Sqlizer\System.Useful.Sqlizer.csproj", "{47FFAF7E-00BB-4658-BD10-A8C2C2332625}"
EndProject
Project("{FAE04EC0-301F-11D3-BF4B-00C04F79EFBC}") = "System.Useful.Sqlizer.Sample", "System.Useful.Sqlizer.Sample\System.Useful.Sqlizer.Sample.csproj", "{327E5E40-5014-43FF-9146-4FC075CCE696}"
EndProject
Global
	GlobalSection(SolutionConfigurationPlatforms) = preSolution
		Debug|Any CPU = Debug|Any CPU
		Release|Any CPU = Release|Any CPU
	EndGlobalSection
	GlobalSection(ProjectConfigurationPlatforms) = postSolution
		{47FFAF7E-00BB-4658-BD10-A8C2C2332625}.Debug|Any CPU.ActiveCfg = Debug|Any CPU
		{47FFAF7E-00BB-4658-BD10-A8C2C2332625}.Debug|Any CPU.Build.0 = Debug|Any CPU
		{47FFAF7E-00BB-4658-BD10-A8C2C2332625}.Release|Any CPU.ActiveCfg = Release|Any CPU
		{47FFAF7E-00BB-4658-BD10-A8C2C2332625}.Release|Any CPU.Build.0 = Release|Any CPU
		{327E5E40-5014-43FF-9146-4FC075CCE696}.Debug|Any CPU.ActiveCfg = Debug|Any CPU
		{327E5E40-5014-43FF-9146-4FC075CCE696}.Debug|Any CPU.Build.0 = Debug|Any CPU
		{327E5E40-5014-43FF-9146-4FC075CCE696}.Release|Any CPU.ActiveCfg = Release|Any CPU
		{327E5E40-5014-43FF-9146-4FC075CCE696}.Release|Any CPU.Build.0 = Release|Any CPU
	EndGlobalSection
	GlobalSection(SolutionProperties) = preSolution
		HideSolutionNode = FALSE
	EndGlobalSection
	GlobalSection(ExtensibilityGlobals) = postSolution
		SolutionGuid = {3B4BC622-867F-476C-8EE7-D11090D5573D}
	EndGlobalSection
EndGlobal
